{
  "name": "calcage",
  "version": "1.0.0",
  "lockfileVersion": 3,
  "requires": true,
  "packages": {
    "": {
      "name": "1-dars",
      "version": "1.0.0",
      "license": "ISC",
      "dependencies": {
        "muhammadali-dev": "^1.0.0"
      }
    },
    "node_modules/muhammadali-dev": {
      "version": "1.0.0",
      "resolved": "https://registry.npmjs.org/muhammadali-dev/-/muhammadali-dev-1.0.0.tgz",
      "integrity": "sha512-CbU10G+tKsqedceeEI7oM8HKiqfAQy3fuWVtnJZShudWwblc0xzhaX7gy7X9FjC/Md6F0vjE7i3KFBtZe51vxA==",
      "license": "ISC"
    }
  }
}
